// !$*UTF8*$!
{
	archiveVersion = 1;
	classes = {
	};
	objectVersion = 46;
	objects = {

/* Begin PBXBuildFile section */
		D2CE1E6A19E499E00092DE8E /* AppDelegate.swift in Sources */ = {isa = PBXBuildFile; fileRef = D2CE1E6919E499E00092DE8E /* AppDelegate.swift */; };
		D2CE1E6C19E499E00092DE8E /* ViewController.swift in Sources */ = {isa = PBXBuildFile; fileRef = D2CE1E6B19E499E00092DE8E /* ViewController.swift */; };
		D2CE1E6F19E499E00092DE8E /* Main.storyboard in Resources */ = {isa = PBXBuildFile; fileRef = D2CE1E6D19E499E00092DE8E /* Main.storyboard */; };
		D2CE1E7119E499E00092DE8E /* Images.xcassets in Resources */ = {isa = PBXBuildFile; fileRef = D2CE1E7019E499E00092DE8E /* Images.xcassets */; };
		D2CE1E7419E499E00092DE8E /* LaunchScreen.xib in Resources */ = {isa = PBXBuildFile; fileRef = D2CE1E7219E499E00092DE8E /* LaunchScreen.xib */; };
		D2CE1E8019E499E00092DE8E /* ADayTests.swift in Sources */ = {isa = PBXBuildFile; fileRef = D2CE1E7F19E499E00092DE8E /* ADayTests.swift */; };
/* End PBXBuildFile section */

/* Begin PBXContainerItemProxy section */
		D2CE1E7A19E499E00092DE8E /* PBXContainerItemProxy */ = {
			isa = PBXContainerItemProxy;
			containerPortal = D2CE1E5C19E499E00092DE8E /* Project object */;
			proxyType = 1;
			remoteGlobalIDString = D2CE1E6319E499E00092DE8E;
			remoteInfo = ADay;
		};
/* End PBXContainerItemProxy section */

/* Begin PBXFileReference section */
		D2CE1E6419E499E00092DE8E /* ADay.app */ = {isa = PBXFileReference; explicitFileType = wrapper.application; includeInIndex = 0; path = ADay.app; sourceTree = BUILT_PRODUCTS_DIR; };
		D2CE1E6819E499E00092DE8E /* Info.plist */ = {isa = PBXFileReference; lastKnownFileType = text.plist.xml; path = Info.plist; sourceTree = "<group>"; };
		D2CE1E6919E499E00092DE8E /* AppDelegate.swift */ = {isa = PBXFileReference; lastKnownFileType = sourcecode.swift; path = AppDelegate.swift; sourceTree = "<group>"; };
		D2CE1E6B19E499E00092DE8E /* ViewController.swift */ = {isa = PBXFileReference; lastKnownFileType = sourcecode.swift; path = ViewController.swift; sourceTree = "<group>"; };
		D2CE1E6E19E499E00092DE8E /* Base */ = {isa = PBXFileReference; lastKnownFileType = file.storyboard; name = Base; path = Base.lproj/Main.storyboard; sourceTree = "<group>"; };
		D2CE1E7019E499E00092DE8E /* Images.xcassets */ = {isa = PBXFileReference; lastKnownFileType = folder.assetcatalog; path = Images.xcassets; sourceTree = "<group>"; };
		D2CE1E7319E499E00092DE8E /* Base */ = {isa = PBXFileReference; lastKnownFileType = file.xib; name = Base; path = Base.lproj/LaunchScreen.xib; sourceTree = "<group>"; };
		D2CE1E7919E499E00092DE8E /* ADayTests.xctest */ = {isa = PBXFileReference; explicitFileType = wrapper.cfbundle; includeInIndex = 0; path = ADayTests.xctest; sourceTree = BUILT_PRODUCTS_DIR; };
		D2CE1E7E19E499E00092DE8E /* Info.plist */ = {isa = PBXFileReference; lastKnownFileType = text.plist.xml; path = Info.plist; sourceTree = "<group>"; };
		D2CE1E7F19E499E00092DE8E /* ADayTests.swift */ = {isa = PBXFileReference; lastKnownFileType = sourcecode.swift; path = ADayTests.swift; sourceTree = "<group>"; };
/* End PBXFileReference section */

/* Begin PBXFrameworksBuildPhase section */
		D2CE1E6119E499E00092DE8E /* Frameworks */ = {
			isa = PBXFrameworksBuildPhase;
			buildActionMask = 2147483647;
			files = (
			);
			runOnlyForDeploymentPostprocessing = 0;
		};
		D2CE1E7619E499E00092DE8E /* Frameworks */ = {
			isa = PBXFrameworksBuildPhase;
			buildActionMask = 2147483647;
			files = (
			);
			runOnlyForDeploymentPostprocessing = 0;
		};
/* End PBXFrameworksBuildPhase section */

/* Begin PBXGroup section */
		D2CE1E5B19E499E00092DE8E = {
			isa = PBXGroup;
			children = (
				D2CE1E6619E499E00092DE8E /* ADay */,
				D2CE1E7C19E499E00092DE8E /* ADayTests */,
				D2CE1E6519E499E00092DE8E /* Products */,
			);
			sourceTree = "<group>";
		};
		D2CE1E6519E499E00092DE8E /* Products */ = {
			isa = PBXGroup;
			children = (
				D2CE1E6419E499E00092DE8E /* ADay.app */,
				D2CE1E7919E499E00092DE8E /* ADayTests.xctest */,
			);
			name = Products;
			sourceTree = "<group>";
		};
		D2CE1E6619E499E00092DE8E /* ADay */ = {
			isa = PBXGroup;
			children = (
				D2CE1E6919E499E00092DE8E /* AppDelegate.swift */,
				D2CE1E6B19E499E00092DE8E /* ViewController.swift */,
				D2CE1E6D19E499E00092DE8E /* Main.storyboard */,
				D2CE1E7019E499E00092DE8E /* Images.xcassets */,
				D2CE1E7219E499E00092DE8E /* LaunchScreen.xib */,
				D2CE1E6719E499E00092DE8E /* Supporting Files */,
			);
			path = ADay;
			sourceTree = "<group>";
		};
		D2CE1E6719E499E00092DE8E /* Supporting Files */ = {
			isa = PBXGroup;
			children = (
				D2CE1E6819E499E00092DE8E /* Info.plist */,
			);
			name = "Supporting Files";
			sourceTree = "<group>";
		};
		D2CE1E7C19E499E00092DE8E /* ADayTests */ = {
			isa = PBXGroup;
			children = (
				D2CE1E7F19E499E00092DE8E /* ADayTests.swift */,
				D2CE1E7D19E499E00092DE8E /* Supporting Files */,
			);
			path = ADayTests;
			sourceTree = "<group>";
		};
		D2CE1E7D19E499E00092DE8E /* Supporting Files */ = {
			isa = PBXGroup;
			children = (
				D2CE1E7E19E499E00092DE8E /* Info.plist */,
			);
			name = "Supporting Files";
			sourceTree = "<group>";
		};
/* End PBXGroup section */

/* Begin PBXNativeTarget section */
		D2CE1E6319E499E00092DE8E /* ADay */ = {
			isa = PBXNativeTarget;
			buildConfigurationList = D2CE1E8319E499E00092DE8E /* Build configuration list for PBXNativeTarget "ADay" */;
			buildPhases = (
				D2CE1E6019E499E00092DE8E /* Sources */,
				D2CE1E6119E499E00092DE8E /* Frameworks */,
				D2CE1E6219E499E00092DE8E /* Resources */,
			);
			buildRules = (
			);
			dependencies = (
			);
			name = ADay;
			productName = ADay;
			productReference = D2CE1E6419E499E00092DE8E /* ADay.app */;
			productType = "com.apple.product-type.application";
		};
		D2CE1E7819E499E00092DE8E /* ADayTests */ = {
			isa = PBXNativeTarget;
			buildConfigurationList = D2CE1E8619E499E00092DE8E /* Build configuration list for PBXNativeTarget "ADayTests" */;
			buildPhases = (
				D2CE1E7519E499E00092DE8E /* Sources */,
				D2CE1E7619E499E00092DE8E /* Frameworks */,
				D2CE1E7719E499E00092DE8E /* Resources */,
			);
			buildRules = (
			);
			dependencies = (
				D2CE1E7B19E499E00092DE8E /* PBXTargetDependency */,
			);
			name = ADayTests;
			productName = ADayTests;
			productReference = D2CE1E7919E499E00092DE8E /* ADayTests.xctest */;
			productType = "com.apple.product-type.bundle.unit-test";
		};
/* End PBXNativeTarget section */

/* Begin PBXProject section */
		D2CE1E5C19E499E00092DE8E /* Project object */ = {
			isa = PBXProject;
			attributes = {
				LastUpgradeCheck = 0600;
				ORGANIZATIONNAME = "cunqi xiao";
				TargetAttributes = {
					D2CE1E6319E499E00092DE8E = {
						CreatedOnToolsVersion = 6.1;
					};
					D2CE1E7819E499E00092DE8E = {
						CreatedOnToolsVersion = 6.1;
						TestTargetID = D2CE1E6319E499E00092DE8E;
					};
				};
			};
			buildConfigurationList = D2CE1E5F19E499E00092DE8E /* Build configuration list for PBXProject "ADay" */;
			compatibilityVersion = "Xcode 3.2";
			developmentRegion = English;
			hasScannedForEncodings = 0;
			knownRegions = (
				en,
				Base,
			);
			mainGroup = D2CE1E5B19E499E00092DE8E;
			productRefGroup = D2CE1E6519E499E00092DE8E /* Products */;
			projectDirPath = "";
			projectRoot = "";
			targets = (
				D2CE1E6319E499E00092DE8E /* ADay */,
				D2CE1E7819E499E00092DE8E /* ADayTests */,
			);
		};
/* End PBXProject section */

/* Begin PBXResourcesBuildPhase section */
		D2CE1E6219E499E00092DE8E /* Resources */ = {
			isa = PBXResourcesBuildPhase;
			buildActionMask = 2147483647;
			files = (
				D2CE1E6F19E499E00092DE8E /* Main.storyboard in Resources */,
				D2CE1E7419E499E00092DE8E /* LaunchScreen.xib in Resources */,
				D2CE1E7119E499E00092DE8E /* Images.xcassets in Resources */,
			);
			runOnlyForDeploymentPostprocessing = 0;
		};
		D2CE1E7719E499E00092DE8E /* Resources */ = {
			isa = PBXResourcesBuildPhase;
			buildActionMask = 2147483647;
			files = (
			);
			runOnlyForDeploymentPostprocessing = 0;
		};
/* End PBXResourcesBuildPhase section */

/* Begin PBXSourcesBuildPhase section */
		D2CE1E6019E499E00092DE8E /* Sources */ = {
			isa = PBXSourcesBuildPhase;
			buildActionMask = 2147483647;
			files = (
				D2CE1E6C19E499E00092DE8E /* ViewController.swift in Sources */,
				D2CE1E6A19E499E00092DE8E /* AppDelegate.swift in Sources */,
			);
			runOnlyForDeploymentPostprocessing = 0;
		};
		D2CE1E7519E499E00092DE8E /* Sources */ = {
			isa = PBXSourcesBuildPhase;
			buildActionMask = 2147483647;
			files = (
				D2CE1E8019E499E00092DE8E /* ADayTests.swift in Sources */,
			);
			runOnlyForDeploymentPostprocessing = 0;
		};
/* End PBXSourcesBuildPhase section */

/* Begin PBXTargetDependency section */
		D2CE1E7B19E499E00092DE8E /* PBXTargetDependency */ = {
			isa = PBXTargetDependency;
			target = D2CE1E6319E499E00092DE8E /* ADay */;
			targetProxy = D2CE1E7A19E499E00092DE8E /* PBXContainerItemProxy */;
		};
/* End PBXTargetDependency section */

/* Begin PBXVariantGroup section */
		D2CE1E6D19E499E00092DE8E /* Main.storyboard */ = {
			isa = PBXVariantGroup;
			children = (
				D2CE1E6E19E499E00092DE8E /* Base */,
			);
			name = Main.storyboard;
			sourceTree = "<group>";
		};
		D2CE1E7219E499E00092DE8E /* LaunchScreen.xib */ = {
			isa = PBXVariantGroup;
			children = (
				D2CE1E7319E499E00092DE8E /* Base */,
			);
			name = LaunchScreen.xib;
			sourceTree = "<group>";
		};
/* End PBXVariantGroup section */

/* Begin XCBuildConfiguration section */
		D2CE1E8119E499E00092DE8E /* Debug */ = {
			isa = XCBuildConfiguration;
			buildSettings = {
				ALWAYS_SEARCH_USER_PATHS = NO;
				CLANG_CXX_LANGUAGE_STANDARD = "gnu++0x";
				CLANG_CXX_LIBRARY = "libc++";
				CLANG_ENABLE_MODULES = YES;
				CLANG_ENABLE_OBJC_ARC = YES;
				CLANG_WARN_BOOL_CONVERSION = YES;
				CLANG_WARN_CONSTANT_CONVERSION = YES;
				CLANG_WARN_DIRECT_OBJC_ISA_USAGE = YES_ERROR;
				CLANG_WARN_EMPTY_BODY = YES;
				CLANG_WARN_ENUM_CONVERSION = YES;
				CLANG_WARN_INT_CONVERSION = YES;
				CLANG_WARN_OBJC_ROOT_CLASS = YES_ERROR;
				CLANG_WARN_UNREACHABLE_CODE = YES;
				CLANG_WARN__DUPLICATE_METHOD_MATCH = YES;
				"CODE_SIGN_IDENTITY[sdk=iphoneos*]" = "iPhone Developer";
				COPY_PHASE_STRIP = NO;
				ENABLE_STRICT_OBJC_MSGSEND = YES;
				GCC_C_LANGUAGE_STANDARD = gnu99;
				GCC_DYNAMIC_NO_PIC = NO;
				GCC_OPTIMIZATION_LEVEL = 0;
				GCC_PREPROCESSOR_DEFINITIONS = (
					"DEBUG=1",
					"$(inherited)",
				);
				GCC_SYMBOLS_PRIVATE_EXTERN = NO;
				GCC_WARN_64_TO_32_BIT_CONVERSION = YES;
				GCC_WARN_ABOUT_RETURN_TYPE = YES_ERROR;
				GCC_WARN_UNDECLARED_SELECTOR = YES;
				GCC_WARN_UNINITIALIZED_AUTOS = YES_AGGRESSIVE;
				GCC_WARN_UNUSED_FUNCTION = YES;
				GCC_WARN_UNUSED_VARIABLE = YES;
				IPHONEOS_DEPLOYMENT_TARGET = 8.0;
				MTL_ENABLE_DEBUG_INFO = YES;
				ONLY_ACTIVE_ARCH = YES;
				SDKROOT = iphoneos;
				SWIFT_OPTIMIZATION_LEVEL = "-Onone";
			};
			name = Debug;
		};
		D2CE1E8219E499E00092DE8E /* Release */ = {
			isa = XCBuildConfiguration;
			buildSettings = {
				ALWAYS_SEARCH_USER_PATHS = NO;
				CLANG_CXX_LANGUAGE_STANDARD = "gnu++0x";
				CLANG_CXX_LIBRARY = "libc++";
				CLANG_ENABLE_MODULES = YES;
				CLANG_ENABLE_OBJC_ARC = YES;
				CLANG_WARN_BOOL_CONVERSION = YES;
				CLANG_WARN_CONSTANT_CONVERSION = YES;
				CLANG_WARN_DIRECT_OBJC_ISA_USAGE = YES_ERROR;
				CLANG_WARN_EMPTY_BODY = YES;
				CLANG_WARN_ENUM_CONVERSION = YES;
				CLANG_WARN_INT_CONVERSION = YES;
				CLANG_WARN_OBJC_ROOT_CLASS = YES_ERROR;
				CLANG_WARN_UNREACHABLE_CODE = YES;
				CLANG_WARN__DUPLICATE_METHOD_MATCH = YES;
				"CODE_SIGN_IDENTITY[sdk=iphoneos*]" = "iPhone Developer";
				COPY_PHASE_STRIP = YES;
				ENABLE_NS_ASSERTIONS = NO;
				ENABLE_STRICT_OBJC_MSGSEND = YES;
				GCC_C_LANGUAGE_STANDARD = gnu99;
				GCC_WARN_64_TO_32_BIT_CONVERSION = YES;
				GCC_WARN_ABOUT_RETURN_TYPE = YES_ERROR;
				GCC_WARN_UNDECLARED_SELECTOR = YES;
				GCC_WARN_UNINITIALIZED_AUTOS = YES_AGGRESSIVE;
				GCC_WARN_UNUSED_FUNCTION = YES;
				GCC_WARN_UNUSED_VARIABLE = YES;
				IPHONEOS_DEPLOYMENT_TARGET = 8.0;
				MTL_ENABLE_DEBUG_INFO = NO;
				SDKROOT = iphoneos;
				VALIDATE_PRODUCT = YES;
			};
			name = Release;
		};
		D2CE1E8419E499E00092DE8E /* Debug */ = {
			isa = XCBuildConfiguration;
			buildSettings = {
				ASSETCATALOG_COMPILER_APPICON_NAME = AppIcon;
				INFOPLIST_FILE = ADay/Info.plist;
				LD_RUNPATH_SEARCH_PATHS = "$(inherited) @executable_path/Frameworks";
				PRODUCT_NAME = "$(TARGET_NAME)";
			};
			name = Debug;
		};
		D2CE1E8519E499E00092DE8E /* Release */ = {
			isa = XCBuildConfiguration;
			buildSettings = {
				ASSETCATALOG_COMPILER_APPICON_NAME = AppIcon;
				INFOPLIST_FILE = ADay/Info.plist;
				LD_RUNPATH_SEARCH_PATHS = "$(inherited) @executable_path/Frameworks";
				PRODUCT_NAME = "$(TARGET_NAME)";
			};
			name = Release;
		};
		D2CE1E8719E499E00092DE8E /* Debug */ = {
			isa = XCBuildConfiguration;
			buildSettings = {
				BUNDLE_LOADER = "$(TEST_HOST)";
				FRAMEWORK_SEARCH_PATHS = (
					"$(SDKROOT)/Developer/Library/Frameworks",
					"$(inherited)",
				);
				GCC_PREPROCESSOR_DEFINITIONS = (
					"DEBUG=1",
					"$(inherited)",
				);
				INFOPLIST_FILE = ADayTests/Info.plist;
				LD_RUNPATH_SEARCH_PATHS = "$(inherited) @executable_path/Frameworks @loader_path/Frameworks";
				PRODUCT_NAME = "$(TARGET_NAME)";
				TEST_HOST = "$(BUILT_PRODUCTS_DIR)/ADay.app/ADay";
			};
			name = Debug;
		};
		D2CE1E8819E499E00092DE8E /* Release */ = {
			isa = XCBuildConfiguration;
			buildSettings = {
				BUNDLE_LOADER = "$(TEST_HOST)";
				FRAMEWORK_SEARCH_PATHS = (
					"$(SDKROOT)/Developer/Library/Frameworks",
					"$(inherited)",
				);
				INFOPLIST_FILE = ADayTests/Info.plist;
				LD_RUNPATH_SEARCH_PATHS = "$(inherited) @executable_path/Frameworks @loader_path/Frameworks";
				PRODUCT_NAME = "$(TARGET_NAME)";
				TEST_HOST = "$(BUILT_PRODUCTS_DIR)/ADay.app/ADay";
			};
			name = Release;
		};
/* End XCBuildConfiguration section */

/* Begin XCConfigurationList section */
		D2CE1E5F19E499E00092DE8E /* Build configuration list for PBXProject "ADay" */ = {
			isa = XCConfigurationList;
			buildConfigurations = (
				D2CE1E8119E499E00092DE8E /* Debug */,
				D2CE1E8219E499E00092DE8E /* Release */,
			);
			defaultConfigurationIsVisible = 0;
			defaultConfigurationName = Release;
		};
		D2CE1E8319E499E00092DE8E /* Build configuration list for PBXNativeTarget "ADay" */ = {
			isa = XCConfigurationList;
			buildConfigurations = (
				D2CE1E8419E499E00092DE8E /* Debug */,
				D2CE1E8519E499E00092DE8E /* Release */,
			);
			defaultConfigurationIsVisible = 0;
		};
		D2CE1E8619E499E00092DE8E /* Build configuration list for PBXNativeTarget "ADayTests" */ = {
			isa = XCConfigurationList;
			buildConfigurations = (
				D2CE1E8719E499E00092DE8E /* Debug */,
				D2CE1E8819E499E00092DE8E /* Release */,
			);
			defaultConfigurationIsVisible = 0;
		};
/* End XCConfigurationList section */
	};
	rootObject = D2CE1E5C19E499E00092DE8E /* Project object */;
}
