// !$*UTF8*$!
{
	archiveVersion = 1;
	classes = {
	};
	objectVersion = 46;
	objects = {

/* Begin PBXBuildFile section */
		D274FFA819EC9DA700A84855 /* HttpController.swift in Sources */ = {isa = PBXBuildFile; fileRef = D274FFA719EC9DA700A84855 /* HttpController.swift */; };
		D2AB89AE19EC5F030066586C /* AppDelegate.swift in Sources */ = {isa = PBXBuildFile; fileRef = D2AB89AD19EC5F030066586C /* AppDelegate.swift */; };
		D2AB89B019EC5F030066586C /* PlayListController.swift in Sources */ = {isa = PBXBuildFile; fileRef = D2AB89AF19EC5F030066586C /* PlayListController.swift */; };
		D2AB89B319EC5F030066586C /* Main.storyboard in Resources */ = {isa = PBXBuildFile; fileRef = D2AB89B119EC5F030066586C /* Main.storyboard */; };
		D2AB89B519EC5F030066586C /* Images.xcassets in Resources */ = {isa = PBXBuildFile; fileRef = D2AB89B419EC5F030066586C /* Images.xcassets */; };
		D2AB89B819EC5F030066586C /* LaunchScreen.xib in Resources */ = {isa = PBXBuildFile; fileRef = D2AB89B619EC5F030066586C /* LaunchScreen.xib */; };
		D2AB89C419EC5F040066586C /* iDouBanTests.swift in Sources */ = {isa = PBXBuildFile; fileRef = D2AB89C319EC5F040066586C /* iDouBanTests.swift */; };
		D2AB89CE19EC62E80066586C /* MusicSectionController.swift in Sources */ = {isa = PBXBuildFile; fileRef = D2AB89CD19EC62E80066586C /* MusicSectionController.swift */; };
		D2C9137219FAF0D000EDC86B /* player_pause.png in Resources */ = {isa = PBXBuildFile; fileRef = D2C9137119FAF0D000EDC86B /* player_pause.png */; };
		D2D4CFDE19EE2E0C009C23CD /* detail.jpg in Resources */ = {isa = PBXBuildFile; fileRef = D2D4CFDD19EE2E0C009C23CD /* detail.jpg */; };
/* End PBXBuildFile section */

/* Begin PBXContainerItemProxy section */
		D2AB89BE19EC5F030066586C /* PBXContainerItemProxy */ = {
			isa = PBXContainerItemProxy;
			containerPortal = D2AB89A019EC5F030066586C /* Project object */;
			proxyType = 1;
			remoteGlobalIDString = D2AB89A719EC5F030066586C;
			remoteInfo = iDouBan;
		};
/* End PBXContainerItemProxy section */

/* Begin PBXFileReference section */
		D274FFA719EC9DA700A84855 /* HttpController.swift */ = {isa = PBXFileReference; fileEncoding = 4; lastKnownFileType = sourcecode.swift; path = HttpController.swift; sourceTree = "<group>"; };
		D2AB89A819EC5F030066586C /* iDouBan.app */ = {isa = PBXFileReference; explicitFileType = wrapper.application; includeInIndex = 0; path = iDouBan.app; sourceTree = BUILT_PRODUCTS_DIR; };
		D2AB89AC19EC5F030066586C /* Info.plist */ = {isa = PBXFileReference; lastKnownFileType = text.plist.xml; path = Info.plist; sourceTree = "<group>"; };
		D2AB89AD19EC5F030066586C /* AppDelegate.swift */ = {isa = PBXFileReference; lastKnownFileType = sourcecode.swift; path = AppDelegate.swift; sourceTree = "<group>"; };
		D2AB89AF19EC5F030066586C /* PlayListController.swift */ = {isa = PBXFileReference; lastKnownFileType = sourcecode.swift; path = PlayListController.swift; sourceTree = "<group>"; };
		D2AB89B219EC5F030066586C /* Base */ = {isa = PBXFileReference; lastKnownFileType = file.storyboard; name = Base; path = Base.lproj/Main.storyboard; sourceTree = "<group>"; };
		D2AB89B419EC5F030066586C /* Images.xcassets */ = {isa = PBXFileReference; lastKnownFileType = folder.assetcatalog; path = Images.xcassets; sourceTree = "<group>"; };
		D2AB89B719EC5F030066586C /* Base */ = {isa = PBXFileReference; lastKnownFileType = file.xib; name = Base; path = Base.lproj/LaunchScreen.xib; sourceTree = "<group>"; };
		D2AB89BD19EC5F030066586C /* iDouBanTests.xctest */ = {isa = PBXFileReference; explicitFileType = wrapper.cfbundle; includeInIndex = 0; path = iDouBanTests.xctest; sourceTree = BUILT_PRODUCTS_DIR; };
		D2AB89C219EC5F040066586C /* Info.plist */ = {isa = PBXFileReference; lastKnownFileType = text.plist.xml; path = Info.plist; sourceTree = "<group>"; };
		D2AB89C319EC5F040066586C /* iDouBanTests.swift */ = {isa = PBXFileReference; lastKnownFileType = sourcecode.swift; path = iDouBanTests.swift; sourceTree = "<group>"; };
		D2AB89CD19EC62E80066586C /* MusicSectionController.swift */ = {isa = PBXFileReference; fileEncoding = 4; lastKnownFileType = sourcecode.swift; path = MusicSectionController.swift; sourceTree = "<group>"; };
		D2C9137119FAF0D000EDC86B /* player_pause.png */ = {isa = PBXFileReference; lastKnownFileType = image.png; path = player_pause.png; sourceTree = "<group>"; };
		D2D4CFDD19EE2E0C009C23CD /* detail.jpg */ = {isa = PBXFileReference; lastKnownFileType = image.jpeg; path = detail.jpg; sourceTree = "<group>"; };
/* End PBXFileReference section */

/* Begin PBXFrameworksBuildPhase section */
		D2AB89A519EC5F030066586C /* Frameworks */ = {
			isa = PBXFrameworksBuildPhase;
			buildActionMask = 2147483647;
			files = (
			);
			runOnlyForDeploymentPostprocessing = 0;
		};
		D2AB89BA19EC5F030066586C /* Frameworks */ = {
			isa = PBXFrameworksBuildPhase;
			buildActionMask = 2147483647;
			files = (
			);
			runOnlyForDeploymentPostprocessing = 0;
		};
/* End PBXFrameworksBuildPhase section */

/* Begin PBXGroup section */
		D2AB899F19EC5F030066586C = {
			isa = PBXGroup;
			children = (
				D2AB89AA19EC5F030066586C /* iDouBan */,
				D2AB89C019EC5F030066586C /* iDouBanTests */,
				D2AB89A919EC5F030066586C /* Products */,
			);
			sourceTree = "<group>";
		};
		D2AB89A919EC5F030066586C /* Products */ = {
			isa = PBXGroup;
			children = (
				D2AB89A819EC5F030066586C /* iDouBan.app */,
				D2AB89BD19EC5F030066586C /* iDouBanTests.xctest */,
			);
			name = Products;
			sourceTree = "<group>";
		};
		D2AB89AA19EC5F030066586C /* iDouBan */ = {
			isa = PBXGroup;
			children = (
				D2C9137119FAF0D000EDC86B /* player_pause.png */,
				D2D4CFDD19EE2E0C009C23CD /* detail.jpg */,
				D2AB89AD19EC5F030066586C /* AppDelegate.swift */,
				D2AB89AF19EC5F030066586C /* PlayListController.swift */,
				D274FFA719EC9DA700A84855 /* HttpController.swift */,
				D2AB89CD19EC62E80066586C /* MusicSectionController.swift */,
				D2AB89B119EC5F030066586C /* Main.storyboard */,
				D2AB89B419EC5F030066586C /* Images.xcassets */,
				D2AB89B619EC5F030066586C /* LaunchScreen.xib */,
				D2AB89AB19EC5F030066586C /* Supporting Files */,
			);
			path = iDouBan;
			sourceTree = "<group>";
		};
		D2AB89AB19EC5F030066586C /* Supporting Files */ = {
			isa = PBXGroup;
			children = (
				D2AB89AC19EC5F030066586C /* Info.plist */,
			);
			name = "Supporting Files";
			sourceTree = "<group>";
		};
		D2AB89C019EC5F030066586C /* iDouBanTests */ = {
			isa = PBXGroup;
			children = (
				D2AB89C319EC5F040066586C /* iDouBanTests.swift */,
				D2AB89C119EC5F040066586C /* Supporting Files */,
			);
			path = iDouBanTests;
			sourceTree = "<group>";
		};
		D2AB89C119EC5F040066586C /* Supporting Files */ = {
			isa = PBXGroup;
			children = (
				D2AB89C219EC5F040066586C /* Info.plist */,
			);
			name = "Supporting Files";
			sourceTree = "<group>";
		};
/* End PBXGroup section */

/* Begin PBXNativeTarget section */
		D2AB89A719EC5F030066586C /* iDouBan */ = {
			isa = PBXNativeTarget;
			buildConfigurationList = D2AB89C719EC5F040066586C /* Build configuration list for PBXNativeTarget "iDouBan" */;
			buildPhases = (
				D2AB89A419EC5F030066586C /* Sources */,
				D2AB89A519EC5F030066586C /* Frameworks */,
				D2AB89A619EC5F030066586C /* Resources */,
			);
			buildRules = (
			);
			dependencies = (
			);
			name = iDouBan;
			productName = iDouBan;
			productReference = D2AB89A819EC5F030066586C /* iDouBan.app */;
			productType = "com.apple.product-type.application";
		};
		D2AB89BC19EC5F030066586C /* iDouBanTests */ = {
			isa = PBXNativeTarget;
			buildConfigurationList = D2AB89CA19EC5F040066586C /* Build configuration list for PBXNativeTarget "iDouBanTests" */;
			buildPhases = (
				D2AB89B919EC5F030066586C /* Sources */,
				D2AB89BA19EC5F030066586C /* Frameworks */,
				D2AB89BB19EC5F030066586C /* Resources */,
			);
			buildRules = (
			);
			dependencies = (
				D2AB89BF19EC5F030066586C /* PBXTargetDependency */,
			);
			name = iDouBanTests;
			productName = iDouBanTests;
			productReference = D2AB89BD19EC5F030066586C /* iDouBanTests.xctest */;
			productType = "com.apple.product-type.bundle.unit-test";
		};
/* End PBXNativeTarget section */

/* Begin PBXProject section */
		D2AB89A019EC5F030066586C /* Project object */ = {
			isa = PBXProject;
			attributes = {
				LastUpgradeCheck = 0600;
				ORGANIZATIONNAME = "cunqi xiao";
				TargetAttributes = {
					D2AB89A719EC5F030066586C = {
						CreatedOnToolsVersion = 6.1;
					};
					D2AB89BC19EC5F030066586C = {
						CreatedOnToolsVersion = 6.1;
						TestTargetID = D2AB89A719EC5F030066586C;
					};
				};
			};
			buildConfigurationList = D2AB89A319EC5F030066586C /* Build configuration list for PBXProject "iDouBan" */;
			compatibilityVersion = "Xcode 3.2";
			developmentRegion = English;
			hasScannedForEncodings = 0;
			knownRegions = (
				en,
				Base,
			);
			mainGroup = D2AB899F19EC5F030066586C;
			productRefGroup = D2AB89A919EC5F030066586C /* Products */;
			projectDirPath = "";
			projectRoot = "";
			targets = (
				D2AB89A719EC5F030066586C /* iDouBan */,
				D2AB89BC19EC5F030066586C /* iDouBanTests */,
			);
		};
/* End PBXProject section */

/* Begin PBXResourcesBuildPhase section */
		D2AB89A619EC5F030066586C /* Resources */ = {
			isa = PBXResourcesBuildPhase;
			buildActionMask = 2147483647;
			files = (
				D2C9137219FAF0D000EDC86B /* player_pause.png in Resources */,
				D2D4CFDE19EE2E0C009C23CD /* detail.jpg in Resources */,
				D2AB89B319EC5F030066586C /* Main.storyboard in Resources */,
				D2AB89B819EC5F030066586C /* LaunchScreen.xib in Resources */,
				D2AB89B519EC5F030066586C /* Images.xcassets in Resources */,
			);
			runOnlyForDeploymentPostprocessing = 0;
		};
		D2AB89BB19EC5F030066586C /* Resources */ = {
			isa = PBXResourcesBuildPhase;
			buildActionMask = 2147483647;
			files = (
			);
			runOnlyForDeploymentPostprocessing = 0;
		};
/* End PBXResourcesBuildPhase section */

/* Begin PBXSourcesBuildPhase section */
		D2AB89A419EC5F030066586C /* Sources */ = {
			isa = PBXSourcesBuildPhase;
			buildActionMask = 2147483647;
			files = (
				D2AB89CE19EC62E80066586C /* MusicSectionController.swift in Sources */,
				D2AB89B019EC5F030066586C /* PlayListController.swift in Sources */,
				D2AB89AE19EC5F030066586C /* AppDelegate.swift in Sources */,
				D274FFA819EC9DA700A84855 /* HttpController.swift in Sources */,
			);
			runOnlyForDeploymentPostprocessing = 0;
		};
		D2AB89B919EC5F030066586C /* Sources */ = {
			isa = PBXSourcesBuildPhase;
			buildActionMask = 2147483647;
			files = (
				D2AB89C419EC5F040066586C /* iDouBanTests.swift in Sources */,
			);
			runOnlyForDeploymentPostprocessing = 0;
		};
/* End PBXSourcesBuildPhase section */

/* Begin PBXTargetDependency section */
		D2AB89BF19EC5F030066586C /* PBXTargetDependency */ = {
			isa = PBXTargetDependency;
			target = D2AB89A719EC5F030066586C /* iDouBan */;
			targetProxy = D2AB89BE19EC5F030066586C /* PBXContainerItemProxy */;
		};
/* End PBXTargetDependency section */

/* Begin PBXVariantGroup section */
		D2AB89B119EC5F030066586C /* Main.storyboard */ = {
			isa = PBXVariantGroup;
			children = (
				D2AB89B219EC5F030066586C /* Base */,
			);
			name = Main.storyboard;
			sourceTree = "<group>";
		};
		D2AB89B619EC5F030066586C /* LaunchScreen.xib */ = {
			isa = PBXVariantGroup;
			children = (
				D2AB89B719EC5F030066586C /* Base */,
			);
			name = LaunchScreen.xib;
			sourceTree = "<group>";
		};
/* End PBXVariantGroup section */

/* Begin XCBuildConfiguration section */
		D2AB89C519EC5F040066586C /* Debug */ = {
			isa = XCBuildConfiguration;
			buildSettings = {
				ALWAYS_SEARCH_USER_PATHS = NO;
				CLANG_CXX_LANGUAGE_STANDARD = "gnu++0x";
				CLANG_CXX_LIBRARY = "libc++";
				CLANG_ENABLE_MODULES = YES;
				CLANG_ENABLE_OBJC_ARC = YES;
				CLANG_WARN_BOOL_CONVERSION = YES;
				CLANG_WARN_CONSTANT_CONVERSION = YES;
				CLANG_WARN_DIRECT_OBJC_ISA_USAGE = YES_ERROR;
				CLANG_WARN_EMPTY_BODY = YES;
				CLANG_WARN_ENUM_CONVERSION = YES;
				CLANG_WARN_INT_CONVERSION = YES;
				CLANG_WARN_OBJC_ROOT_CLASS = YES_ERROR;
				CLANG_WARN_UNREACHABLE_CODE = YES;
				CLANG_WARN__DUPLICATE_METHOD_MATCH = YES;
				"CODE_SIGN_IDENTITY[sdk=iphoneos*]" = "iPhone Developer";
				COPY_PHASE_STRIP = NO;
				ENABLE_STRICT_OBJC_MSGSEND = YES;
				GCC_C_LANGUAGE_STANDARD = gnu99;
				GCC_DYNAMIC_NO_PIC = NO;
				GCC_OPTIMIZATION_LEVEL = 0;
				GCC_PREPROCESSOR_DEFINITIONS = (
					"DEBUG=1",
					"$(inherited)",
				);
				GCC_SYMBOLS_PRIVATE_EXTERN = NO;
				GCC_WARN_64_TO_32_BIT_CONVERSION = YES;
				GCC_WARN_ABOUT_RETURN_TYPE = YES_ERROR;
				GCC_WARN_UNDECLARED_SELECTOR = YES;
				GCC_WARN_UNINITIALIZED_AUTOS = YES_AGGRESSIVE;
				GCC_WARN_UNUSED_FUNCTION = YES;
				GCC_WARN_UNUSED_VARIABLE = YES;
				IPHONEOS_DEPLOYMENT_TARGET = 8.0;
				MTL_ENABLE_DEBUG_INFO = YES;
				ONLY_ACTIVE_ARCH = YES;
				SDKROOT = iphoneos;
				SWIFT_OPTIMIZATION_LEVEL = "-Onone";
			};
			name = Debug;
		};
		D2AB89C619EC5F040066586C /* Release */ = {
			isa = XCBuildConfiguration;
			buildSettings = {
				ALWAYS_SEARCH_USER_PATHS = NO;
				CLANG_CXX_LANGUAGE_STANDARD = "gnu++0x";
				CLANG_CXX_LIBRARY = "libc++";
				CLANG_ENABLE_MODULES = YES;
				CLANG_ENABLE_OBJC_ARC = YES;
				CLANG_WARN_BOOL_CONVERSION = YES;
				CLANG_WARN_CONSTANT_CONVERSION = YES;
				CLANG_WARN_DIRECT_OBJC_ISA_USAGE = YES_ERROR;
				CLANG_WARN_EMPTY_BODY = YES;
				CLANG_WARN_ENUM_CONVERSION = YES;
				CLANG_WARN_INT_CONVERSION = YES;
				CLANG_WARN_OBJC_ROOT_CLASS = YES_ERROR;
				CLANG_WARN_UNREACHABLE_CODE = YES;
				CLANG_WARN__DUPLICATE_METHOD_MATCH = YES;
				"CODE_SIGN_IDENTITY[sdk=iphoneos*]" = "iPhone Developer";
				COPY_PHASE_STRIP = YES;
				ENABLE_NS_ASSERTIONS = NO;
				ENABLE_STRICT_OBJC_MSGSEND = YES;
				GCC_C_LANGUAGE_STANDARD = gnu99;
				GCC_WARN_64_TO_32_BIT_CONVERSION = YES;
				GCC_WARN_ABOUT_RETURN_TYPE = YES_ERROR;
				GCC_WARN_UNDECLARED_SELECTOR = YES;
				GCC_WARN_UNINITIALIZED_AUTOS = YES_AGGRESSIVE;
				GCC_WARN_UNUSED_FUNCTION = YES;
				GCC_WARN_UNUSED_VARIABLE = YES;
				IPHONEOS_DEPLOYMENT_TARGET = 8.0;
				MTL_ENABLE_DEBUG_INFO = NO;
				SDKROOT = iphoneos;
				VALIDATE_PRODUCT = YES;
			};
			name = Release;
		};
		D2AB89C819EC5F040066586C /* Debug */ = {
			isa = XCBuildConfiguration;
			buildSettings = {
				ASSETCATALOG_COMPILER_APPICON_NAME = AppIcon;
				INFOPLIST_FILE = iDouBan/Info.plist;
				LD_RUNPATH_SEARCH_PATHS = "$(inherited) @executable_path/Frameworks";
				PRODUCT_NAME = "$(TARGET_NAME)";
			};
			name = Debug;
		};
		D2AB89C919EC5F040066586C /* Release */ = {
			isa = XCBuildConfiguration;
			buildSettings = {
				ASSETCATALOG_COMPILER_APPICON_NAME = AppIcon;
				INFOPLIST_FILE = iDouBan/Info.plist;
				LD_RUNPATH_SEARCH_PATHS = "$(inherited) @executable_path/Frameworks";
				PRODUCT_NAME = "$(TARGET_NAME)";
			};
			name = Release;
		};
		D2AB89CB19EC5F040066586C /* Debug */ = {
			isa = XCBuildConfiguration;
			buildSettings = {
				BUNDLE_LOADER = "$(TEST_HOST)";
				FRAMEWORK_SEARCH_PATHS = (
					"$(SDKROOT)/Developer/Library/Frameworks",
					"$(inherited)",
				);
				GCC_PREPROCESSOR_DEFINITIONS = (
					"DEBUG=1",
					"$(inherited)",
				);
				INFOPLIST_FILE = iDouBanTests/Info.plist;
				LD_RUNPATH_SEARCH_PATHS = "$(inherited) @executable_path/Frameworks @loader_path/Frameworks";
				PRODUCT_NAME = "$(TARGET_NAME)";
				TEST_HOST = "$(BUILT_PRODUCTS_DIR)/iDouBan.app/iDouBan";
			};
			name = Debug;
		};
		D2AB89CC19EC5F040066586C /* Release */ = {
			isa = XCBuildConfiguration;
			buildSettings = {
				BUNDLE_LOADER = "$(TEST_HOST)";
				FRAMEWORK_SEARCH_PATHS = (
					"$(SDKROOT)/Developer/Library/Frameworks",
					"$(inherited)",
				);
				INFOPLIST_FILE = iDouBanTests/Info.plist;
				LD_RUNPATH_SEARCH_PATHS = "$(inherited) @executable_path/Frameworks @loader_path/Frameworks";
				PRODUCT_NAME = "$(TARGET_NAME)";
				TEST_HOST = "$(BUILT_PRODUCTS_DIR)/iDouBan.app/iDouBan";
			};
			name = Release;
		};
/* End XCBuildConfiguration section */

/* Begin XCConfigurationList section */
		D2AB89A319EC5F030066586C /* Build configuration list for PBXProject "iDouBan" */ = {
			isa = XCConfigurationList;
			buildConfigurations = (
				D2AB89C519EC5F040066586C /* Debug */,
				D2AB89C619EC5F040066586C /* Release */,
			);
			defaultConfigurationIsVisible = 0;
			defaultConfigurationName = Release;
		};
		D2AB89C719EC5F040066586C /* Build configuration list for PBXNativeTarget "iDouBan" */ = {
			isa = XCConfigurationList;
			buildConfigurations = (
				D2AB89C819EC5F040066586C /* Debug */,
				D2AB89C919EC5F040066586C /* Release */,
			);
			defaultConfigurationIsVisible = 0;
			defaultConfigurationName = Release;
		};
		D2AB89CA19EC5F040066586C /* Build configuration list for PBXNativeTarget "iDouBanTests" */ = {
			isa = XCConfigurationList;
			buildConfigurations = (
				D2AB89CB19EC5F040066586C /* Debug */,
				D2AB89CC19EC5F040066586C /* Release */,
			);
			defaultConfigurationIsVisible = 0;
			defaultConfigurationName = Release;
		};
/* End XCConfigurationList section */
	};
	rootObject = D2AB89A019EC5F030066586C /* Project object */;
}
